
Microsoft Visual Studio Solution File, Format Version 12.00
# Visual Studio Version 16
VisualStudioVersion = 16.0.31702.278
MinimumVisualStudioVersion = 10.0.40219.1
Project("{8BC9CEB8-8B4A-11D0-8D11-00A0C91BC942}") = "ImageTool", "ImageTool\ImageTool.vcxproj", "{B290F9C7-E230-4C04-9EE8-AA67D69C6413}"
EndProject
Project("{8BC9CEB8-8B4A-11D0-8D11-00A0C91BC942}") = "IppCreate", "IppCreate\IppCreate.vcxproj", "{359B2A15-4C8F-4405-84FF-3F6211873B47}"
EndProject
Global
	GlobalSection(SolutionConfigurationPlatforms) = preSolution
		Debug|x64 = Debug|x64
		Debug|x86 = Debug|x86
		Release|x64 = Release|x64
		Release|x86 = Release|x86
	EndGlobalSection
	GlobalSection(ProjectConfigurationPlatforms) = postSolution
		{B290F9C7-E230-4C04-9EE8-AA67D69C6413}.Debug|x64.ActiveCfg = Release|x64
		{B290F9C7-E230-4C04-9EE8-AA67D69C6413}.Debug|x64.Build.0 = Release|x64
		{B290F9C7-E230-4C04-9EE8-AA67D69C6413}.Debug|x86.ActiveCfg = Debug|Win32
		{B290F9C7-E230-4C04-9EE8-AA67D69C6413}.Debug|x86.Build.0 = Debug|Win32
		{B290F9C7-E230-4C04-9EE8-AA67D69C6413}.Release|x64.ActiveCfg = Release|x64
		{B290F9C7-E230-4C04-9EE8-AA67D69C6413}.Release|x64.Build.0 = Release|x64
		{B290F9C7-E230-4C04-9EE8-AA67D69C6413}.Release|x86.ActiveCfg = Release|Win32
		{B290F9C7-E230-4C04-9EE8-AA67D69C6413}.Release|x86.Build.0 = Release|Win32
		{359B2A15-4C8F-4405-84FF-3F6211873B47}.Debug|x64.ActiveCfg = Release|x64
		{359B2A15-4C8F-4405-84FF-3F6211873B47}.Debug|x64.Build.0 = Release|x64
		{359B2A15-4C8F-4405-84FF-3F6211873B47}.Debug|x86.ActiveCfg = Debug|Win32
		{359B2A15-4C8F-4405-84FF-3F6211873B47}.Debug|x86.Build.0 = Debug|Win32
		{359B2A15-4C8F-4405-84FF-3F6211873B47}.Release|x64.ActiveCfg = Release|x64
		{359B2A15-4C8F-4405-84FF-3F6211873B47}.Release|x64.Build.0 = Release|x64
		{359B2A15-4C8F-4405-84FF-3F6211873B47}.Release|x86.ActiveCfg = Release|Win32
		{359B2A15-4C8F-4405-84FF-3F6211873B47}.Release|x86.Build.0 = Release|Win32
	EndGlobalSection
	GlobalSection(SolutionProperties) = preSolution
		HideSolutionNode = FALSE
	EndGlobalSection
	GlobalSection(ExtensibilityGlobals) = postSolution
		SolutionGuid = {9067B261-B2D8-4647-88B7-1B1324E8FE5B}
	EndGlobalSection
EndGlobal
