
Microsoft Visual Studio Solution File, Format Version 12.00
# Visual Studio Version 16
VisualStudioVersion = 16.0.31702.278
MinimumVisualStudioVersion = 10.0.40219.1
Project("{8BC9CEB8-8B4A-11D0-8D11-00A0C91BC942}") = "Assignment_1_Theory_1", "Assignment_1_Theory_1\Assignment_1_Theory_1.vcxproj", "{A5DBB609-9291-41A7-9A31-DDDBB1362F27}"
EndProject
Project("{8BC9CEB8-8B4A-11D0-8D11-00A0C91BC942}") = "Assignment_1_Lab_1", "Assignment_1_Lab_1\Assignment_1_Lab_1.vcxproj", "{1075ED73-6F95-4613-B095-2AF7F350DF81}"
EndProject
Project("{8BC9CEB8-8B4A-11D0-8D11-00A0C91BC942}") = "Assignment_1_Lab_2", "Assignment_1_Lab_2\Assignment_1_Lab_2.vcxproj", "{235CD28C-B249-4291-B484-CDE91A24A236}"
EndProject
Global
	GlobalSection(SolutionConfigurationPlatforms) = preSolution
		Debug|x64 = Debug|x64
		Debug|x86 = Debug|x86
		Release|x64 = Release|x64
		Release|x86 = Release|x86
	EndGlobalSection
	GlobalSection(ProjectConfigurationPlatforms) = postSolution
		{A5DBB609-9291-41A7-9A31-DDDBB1362F27}.Debug|x64.ActiveCfg = Debug|x64
		{A5DBB609-9291-41A7-9A31-DDDBB1362F27}.Debug|x64.Build.0 = Debug|x64
		{A5DBB609-9291-41A7-9A31-DDDBB1362F27}.Debug|x86.ActiveCfg = Debug|Win32
		{A5DBB609-9291-41A7-9A31-DDDBB1362F27}.Debug|x86.Build.0 = Debug|Win32
		{A5DBB609-9291-41A7-9A31-DDDBB1362F27}.Release|x64.ActiveCfg = Release|x64
		{A5DBB609-9291-41A7-9A31-DDDBB1362F27}.Release|x64.Build.0 = Release|x64
		{A5DBB609-9291-41A7-9A31-DDDBB1362F27}.Release|x86.ActiveCfg = Release|Win32
		{A5DBB609-9291-41A7-9A31-DDDBB1362F27}.Release|x86.Build.0 = Release|Win32
		{1075ED73-6F95-4613-B095-2AF7F350DF81}.Debug|x64.ActiveCfg = Debug|x64
		{1075ED73-6F95-4613-B095-2AF7F350DF81}.Debug|x64.Build.0 = Debug|x64
		{1075ED73-6F95-4613-B095-2AF7F350DF81}.Debug|x86.ActiveCfg = Debug|Win32
		{1075ED73-6F95-4613-B095-2AF7F350DF81}.Debug|x86.Build.0 = Debug|Win32
		{1075ED73-6F95-4613-B095-2AF7F350DF81}.Release|x64.ActiveCfg = Release|x64
		{1075ED73-6F95-4613-B095-2AF7F350DF81}.Release|x64.Build.0 = Release|x64
		{1075ED73-6F95-4613-B095-2AF7F350DF81}.Release|x86.ActiveCfg = Release|Win32
		{1075ED73-6F95-4613-B095-2AF7F350DF81}.Release|x86.Build.0 = Release|Win32
		{235CD28C-B249-4291-B484-CDE91A24A236}.Debug|x64.ActiveCfg = Debug|x64
		{235CD28C-B249-4291-B484-CDE91A24A236}.Debug|x64.Build.0 = Debug|x64
		{235CD28C-B249-4291-B484-CDE91A24A236}.Debug|x86.ActiveCfg = Debug|Win32
		{235CD28C-B249-4291-B484-CDE91A24A236}.Debug|x86.Build.0 = Debug|Win32
		{235CD28C-B249-4291-B484-CDE91A24A236}.Release|x64.ActiveCfg = Release|x64
		{235CD28C-B249-4291-B484-CDE91A24A236}.Release|x64.Build.0 = Release|x64
		{235CD28C-B249-4291-B484-CDE91A24A236}.Release|x86.ActiveCfg = Release|Win32
		{235CD28C-B249-4291-B484-CDE91A24A236}.Release|x86.Build.0 = Release|Win32
	EndGlobalSection
	GlobalSection(SolutionProperties) = preSolution
		HideSolutionNode = FALSE
	EndGlobalSection
	GlobalSection(ExtensibilityGlobals) = postSolution
		SolutionGuid = {8C4EBF12-4C8F-415D-9D34-CF7A14ECABBB}
	EndGlobalSection
EndGlobal
